{
  "dependencies": {
    "express": {
      "version": "5.1.0",
      "resolved": "https://registry.npmjs.org/express/-/express-5.1.0.tgz",
      "integrity": "sha256-dd6bdb4d4e54d520c78443d5c35aa4ae552be1837e8650d2ec1641df99393e1b"
    },
    "chalk": {
      "version": "5.4.1",
      "resolved": "https://registry.npmjs.org/chalk/-/chalk-5.4.1.tgz",
      "integrity": "sha256-84b8b9f386a76781f4482279af42d131ba852315388643999e15f95b47ffd0da"
    },
    "prettier": {
      "version": "3.6.2",
      "resolved": "https://registry.npmjs.org/prettier/-/prettier-3.6.2.tgz",
      "integrity": "sha256-bc81ab83674f175a8601b7d013786f48ec2507dd4a5fcf3415831ff13a875bdf"
    }
  }
}